
Microsoft Visual Studio Solution File, Format Version 11.00
# Visual C# Express 2010
Project("{FAE04EC0-301F-11D3-BF4B-00C04F79EFBC}") = "ProjectOODB", "ProjectOODB\ProjectOODB.csproj", "{755B6645-0481-4A0A-BBBC-4CCA8FEB6374}"
EndProject
Global
	GlobalSection(SolutionConfigurationPlatforms) = preSolution
		Debug|x86 = Debug|x86
		Release|x86 = Release|x86
	EndGlobalSection
	GlobalSection(ProjectConfigurationPlatforms) = postSolution
		{755B6645-0481-4A0A-BBBC-4CCA8FEB6374}.Debug|x86.ActiveCfg = Debug|x86
		{755B6645-0481-4A0A-BBBC-4CCA8FEB6374}.Debug|x86.Build.0 = Debug|x86
		{755B6645-0481-4A0A-BBBC-4CCA8FEB6374}.Release|x86.ActiveCfg = Release|x86
		{755B6645-0481-4A0A-BBBC-4CCA8FEB6374}.Release|x86.Build.0 = Release|x86
	EndGlobalSection
	GlobalSection(SolutionProperties) = preSolution
		HideSolutionNode = FALSE
	EndGlobalSection
EndGlobal
